// !$*UTF8*$!
{
	archiveVersion = 1;
	classes = {
	};
	objectVersion = 50;
	objects = {

/* Begin PBXBuildFile section */
		DEB3BA05217A2B8500D26F5C /* AppDelegate.swift in Sources */ = {isa = PBXBuildFile; fileRef = DEB3BA04217A2B8500D26F5C /* AppDelegate.swift */; };
		DEB3BA07217A2B8500D26F5C /* ViewController.swift in Sources */ = {isa = PBXBuildFile; fileRef = DEB3BA06217A2B8500D26F5C /* ViewController.swift */; };
		DEB3BA0A217A2B8500D26F5C /* Main.storyboard in Resources */ = {isa = PBXBuildFile; fileRef = DEB3BA08217A2B8500D26F5C /* Main.storyboard */; };
		DEB3BA0C217A2B8600D26F5C /* Assets.xcassets in Resources */ = {isa = PBXBuildFile; fileRef = DEB3BA0B217A2B8600D26F5C /* Assets.xcassets */; };
		DEB3BA0F217A2B8600D26F5C /* LaunchScreen.storyboard in Resources */ = {isa = PBXBuildFile; fileRef = DEB3BA0D217A2B8600D26F5C /* LaunchScreen.storyboard */; };
		DEB3BA1A217A2B8700D26F5C /* TestAppTests.swift in Sources */ = {isa = PBXBuildFile; fileRef = DEB3BA19217A2B8700D26F5C /* TestAppTests.swift */; };
		DEB3BA25217A2B8700D26F5C /* TestAppUITests.swift in Sources */ = {isa = PBXBuildFile; fileRef = DEB3BA24217A2B8700D26F5C /* TestAppUITests.swift */; };
/* End PBXBuildFile section */

/* Begin PBXContainerItemProxy section */
		DEB3BA16217A2B8700D26F5C /* PBXContainerItemProxy */ = {
			isa = PBXContainerItemProxy;
			containerPortal = DEB3B9F9217A2B8500D26F5C /* Project object */;
			proxyType = 1;
			remoteGlobalIDString = DEB3BA00217A2B8500D26F5C;
			remoteInfo = TestApp;
		};
		DEB3BA21217A2B8700D26F5C /* PBXContainerItemProxy */ = {
			isa = PBXContainerItemProxy;
			containerPortal = DEB3B9F9217A2B8500D26F5C /* Project object */;
			proxyType = 1;
			remoteGlobalIDString = DEB3BA00217A2B8500D26F5C;
			remoteInfo = TestApp;
		};
/* End PBXContainerItemProxy section */

/* Begin PBXFileReference section */
		DEB3BA01217A2B8500D26F5C /* TestApp.app */ = {isa = PBXFileReference; explicitFileType = wrapper.application; includeInIndex = 0; path = TestApp.app; sourceTree = BUILT_PRODUCTS_DIR; };
		DEB3BA04217A2B8500D26F5C /* AppDelegate.swift */ = {isa = PBXFileReference; lastKnownFileType = sourcecode.swift; path = AppDelegate.swift; sourceTree = "<group>"; };
		DEB3BA06217A2B8500D26F5C /* ViewController.swift */ = {isa = PBXFileReference; lastKnownFileType = sourcecode.swift; path = ViewController.swift; sourceTree = "<group>"; };
		DEB3BA09217A2B8500D26F5C /* Base */ = {isa = PBXFileReference; lastKnownFileType = file.storyboard; name = Base; path = Base.lproj/Main.storyboard; sourceTree = "<group>"; };
		DEB3BA0B217A2B8600D26F5C /* Assets.xcassets */ = {isa = PBXFileReference; lastKnownFileType = folder.assetcatalog; path = Assets.xcassets; sourceTree = "<group>"; };
		DEB3BA0E217A2B8600D26F5C /* Base */ = {isa = PBXFileReference; lastKnownFileType = file.storyboard; name = Base; path = Base.lproj/LaunchScreen.storyboard; sourceTree = "<group>"; };
		DEB3BA10217A2B8600D26F5C /* Info.plist */ = {isa = PBXFileReference; lastKnownFileType = text.plist.xml; path = Info.plist; sourceTree = "<group>"; };
		DEB3BA15217A2B8700D26F5C /* TestAppTests.xctest */ = {isa = PBXFileReference; explicitFileType = wrapper.cfbundle; includeInIndex = 0; path = TestAppTests.xctest; sourceTree = BUILT_PRODUCTS_DIR; };
		DEB3BA19217A2B8700D26F5C /* TestAppTests.swift */ = {isa = PBXFileReference; lastKnownFileType = sourcecode.swift; path = TestAppTests.swift; sourceTree = "<group>"; };
		DEB3BA1B217A2B8700D26F5C /* Info.plist */ = {isa = PBXFileReference; lastKnownFileType = text.plist.xml; path = Info.plist; sourceTree = "<group>"; };
		DEB3BA20217A2B8700D26F5C /* TestAppUITests.xctest */ = {isa = PBXFileReference; explicitFileType = wrapper.cfbundle; includeInIndex = 0; path = TestAppUITests.xctest; sourceTree = BUILT_PRODUCTS_DIR; };
		DEB3BA24217A2B8700D26F5C /* TestAppUITests.swift */ = {isa = PBXFileReference; lastKnownFileType = sourcecode.swift; path = TestAppUITests.swift; sourceTree = "<group>"; };
		DEB3BA26217A2B8700D26F5C /* Info.plist */ = {isa = PBXFileReference; lastKnownFileType = text.plist.xml; path = Info.plist; sourceTree = "<group>"; };
/* End PBXFileReference section */

/* Begin PBXFrameworksBuildPhase section */
		DEB3B9FE217A2B8500D26F5C /* Frameworks */ = {
			isa = PBXFrameworksBuildPhase;
			buildActionMask = 2147483647;
			files = (
			);
			runOnlyForDeploymentPostprocessing = 0;
		};
		DEB3BA12217A2B8700D26F5C /* Frameworks */ = {
			isa = PBXFrameworksBuildPhase;
			buildActionMask = 2147483647;
			files = (
			);
			runOnlyForDeploymentPostprocessing = 0;
		};
		DEB3BA1D217A2B8700D26F5C /* Frameworks */ = {
			isa = PBXFrameworksBuildPhase;
			buildActionMask = 2147483647;
			files = (
			);
			runOnlyForDeploymentPostprocessing = 0;
		};
/* End PBXFrameworksBuildPhase section */

/* Begin PBXGroup section */
		DEB3B9F8217A2B8500D26F5C = {
			isa = PBXGroup;
			children = (
				DEB3BA03217A2B8500D26F5C /* TestApp */,
				DEB3BA18217A2B8700D26F5C /* TestAppTests */,
				DEB3BA23217A2B8700D26F5C /* TestAppUITests */,
				DEB3BA02217A2B8500D26F5C /* Products */,
			);
			sourceTree = "<group>";
		};
		DEB3BA02217A2B8500D26F5C /* Products */ = {
			isa = PBXGroup;
			children = (
				DEB3BA01217A2B8500D26F5C /* TestApp.app */,
				DEB3BA15217A2B8700D26F5C /* TestAppTests.xctest */,
				DEB3BA20217A2B8700D26F5C /* TestAppUITests.xctest */,
			);
			name = Products;
			sourceTree = "<group>";
		};
		DEB3BA03217A2B8500D26F5C /* TestApp */ = {
			isa = PBXGroup;
			children = (
				DEB3BA04217A2B8500D26F5C /* AppDelegate.swift */,
				DEB3BA06217A2B8500D26F5C /* ViewController.swift */,
				DEB3BA08217A2B8500D26F5C /* Main.storyboard */,
				DEB3BA0B217A2B8600D26F5C /* Assets.xcassets */,
				DEB3BA0D217A2B8600D26F5C /* LaunchScreen.storyboard */,
				DEB3BA10217A2B8600D26F5C /* Info.plist */,
			);
			path = TestApp;
			sourceTree = "<group>";
		};
		DEB3BA18217A2B8700D26F5C /* TestAppTests */ = {
			isa = PBXGroup;
			children = (
				DEB3BA19217A2B8700D26F5C /* TestAppTests.swift */,
				DEB3BA1B217A2B8700D26F5C /* Info.plist */,
			);
			path = TestAppTests;
			sourceTree = "<group>";
		};
		DEB3BA23217A2B8700D26F5C /* TestAppUITests */ = {
			isa = PBXGroup;
			children = (
				DEB3BA24217A2B8700D26F5C /* TestAppUITests.swift */,
				DEB3BA26217A2B8700D26F5C /* Info.plist */,
			);
			path = TestAppUITests;
			sourceTree = "<group>";
		};
/* End PBXGroup section */

/* Begin PBXNativeTarget section */
		DEB3BA00217A2B8500D26F5C /* TestApp */ = {
			isa = PBXNativeTarget;
			buildConfigurationList = DEB3BA29217A2B8700D26F5C /* Build configuration list for PBXNativeTarget "TestApp" */;
			buildPhases = (
				DEB3B9FD217A2B8500D26F5C /* Sources */,
				DEB3B9FE217A2B8500D26F5C /* Frameworks */,
				DEB3B9FF217A2B8500D26F5C /* Resources */,
			);
			buildRules = (
			);
			dependencies = (
			);
			name = TestApp;
			productName = TestApp;
			productReference = DEB3BA01217A2B8500D26F5C /* TestApp.app */;
			productType = "com.apple.product-type.application";
		};
		DEB3BA14217A2B8700D26F5C /* TestAppTests */ = {
			isa = PBXNativeTarget;
			buildConfigurationList = DEB3BA2C217A2B8700D26F5C /* Build configuration list for PBXNativeTarget "TestAppTests" */;
			buildPhases = (
				DEB3BA11217A2B8700D26F5C /* Sources */,
				DEB3BA12217A2B8700D26F5C /* Frameworks */,
				DEB3BA13217A2B8700D26F5C /* Resources */,
			);
			buildRules = (
			);
			dependencies = (
				DEB3BA17217A2B8700D26F5C /* PBXTargetDependency */,
			);
			name = TestAppTests;
			productName = TestAppTests;
			productReference = DEB3BA15217A2B8700D26F5C /* TestAppTests.xctest */;
			productType = "com.apple.product-type.bundle.unit-test";
		};
		DEB3BA1F217A2B8700D26F5C /* TestAppUITests */ = {
			isa = PBXNativeTarget;
			buildConfigurationList = DEB3BA2F217A2B8700D26F5C /* Build configuration list for PBXNativeTarget "TestAppUITests" */;
			buildPhases = (
				DEB3BA1C217A2B8700D26F5C /* Sources */,
				DEB3BA1D217A2B8700D26F5C /* Frameworks */,
				DEB3BA1E217A2B8700D26F5C /* Resources */,
			);
			buildRules = (
			);
			dependencies = (
				DEB3BA22217A2B8700D26F5C /* PBXTargetDependency */,
			);
			name = TestAppUITests;
			productName = TestAppUITests;
			productReference = DEB3BA20217A2B8700D26F5C /* TestAppUITests.xctest */;
			productType = "com.apple.product-type.bundle.ui-testing";
		};
/* End PBXNativeTarget section */

/* Begin PBXProject section */
		DEB3B9F9217A2B8500D26F5C /* Project object */ = {
			isa = PBXProject;
			attributes = {
				LastSwiftUpdateCheck = 1000;
				LastUpgradeCheck = 1000;
				ORGANIZATIONNAME = "Adelwin Handoyo";
				TargetAttributes = {
					DEB3BA00217A2B8500D26F5C = {
						CreatedOnToolsVersion = 10.0;
					};
					DEB3BA14217A2B8700D26F5C = {
						CreatedOnToolsVersion = 10.0;
						TestTargetID = DEB3BA00217A2B8500D26F5C;
					};
					DEB3BA1F217A2B8700D26F5C = {
						CreatedOnToolsVersion = 10.0;
						TestTargetID = DEB3BA00217A2B8500D26F5C;
					};
				};
			};
			buildConfigurationList = DEB3B9FC217A2B8500D26F5C /* Build configuration list for PBXProject "TestApp" */;
			compatibilityVersion = "Xcode 9.3";
			developmentRegion = en;
			hasScannedForEncodings = 0;
			knownRegions = (
				en,
				Base,
			);
			mainGroup = DEB3B9F8217A2B8500D26F5C;
			productRefGroup = DEB3BA02217A2B8500D26F5C /* Products */;
			projectDirPath = "";
			projectRoot = "";
			targets = (
				DEB3BA00217A2B8500D26F5C /* TestApp */,
				DEB3BA14217A2B8700D26F5C /* TestAppTests */,
				DEB3BA1F217A2B8700D26F5C /* TestAppUITests */,
			);
		};
/* End PBXProject section */

/* Begin PBXResourcesBuildPhase section */
		DEB3B9FF217A2B8500D26F5C /* Resources */ = {
			isa = PBXResourcesBuildPhase;
			buildActionMask = 2147483647;
			files = (
				DEB3BA0F217A2B8600D26F5C /* LaunchScreen.storyboard in Resources */,
				DEB3BA0C217A2B8600D26F5C /* Assets.xcassets in Resources */,
				DEB3BA0A217A2B8500D26F5C /* Main.storyboard in Resources */,
			);
			runOnlyForDeploymentPostprocessing = 0;
		};
		DEB3BA13217A2B8700D26F5C /* Resources */ = {
			isa = PBXResourcesBuildPhase;
			buildActionMask = 2147483647;
			files = (
			);
			runOnlyForDeploymentPostprocessing = 0;
		};
		DEB3BA1E217A2B8700D26F5C /* Resources */ = {
			isa = PBXResourcesBuildPhase;
			buildActionMask = 2147483647;
			files = (
			);
			runOnlyForDeploymentPostprocessing = 0;
		};
/* End PBXResourcesBuildPhase section */

/* Begin PBXSourcesBuildPhase section */
		DEB3B9FD217A2B8500D26F5C /* Sources */ = {
			isa = PBXSourcesBuildPhase;
			buildActionMask = 2147483647;
			files = (
				DEB3BA07217A2B8500D26F5C /* ViewController.swift in Sources */,
				DEB3BA05217A2B8500D26F5C /* AppDelegate.swift in Sources */,
			);
			runOnlyForDeploymentPostprocessing = 0;
		};
		DEB3BA11217A2B8700D26F5C /* Sources */ = {
			isa = PBXSourcesBuildPhase;
			buildActionMask = 2147483647;
			files = (
				DEB3BA1A217A2B8700D26F5C /* TestAppTests.swift in Sources */,
			);
			runOnlyForDeploymentPostprocessing = 0;
		};
		DEB3BA1C217A2B8700D26F5C /* Sources */ = {
			isa = PBXSourcesBuildPhase;
			buildActionMask = 2147483647;
			files = (
				DEB3BA25217A2B8700D26F5C /* TestAppUITests.swift in Sources */,
			);
			runOnlyForDeploymentPostprocessing = 0;
		};
/* End PBXSourcesBuildPhase section */

/* Begin PBXTargetDependency section */
		DEB3BA17217A2B8700D26F5C /* PBXTargetDependency */ = {
			isa = PBXTargetDependency;
			target = DEB3BA00217A2B8500D26F5C /* TestApp */;
			targetProxy = DEB3BA16217A2B8700D26F5C /* PBXContainerItemProxy */;
		};
		DEB3BA22217A2B8700D26F5C /* PBXTargetDependency */ = {
			isa = PBXTargetDependency;
			target = DEB3BA00217A2B8500D26F5C /* TestApp */;
			targetProxy = DEB3BA21217A2B8700D26F5C /* PBXContainerItemProxy */;
		};
/* End PBXTargetDependency section */

/* Begin PBXVariantGroup section */
		DEB3BA08217A2B8500D26F5C /* Main.storyboard */ = {
			isa = PBXVariantGroup;
			children = (
				DEB3BA09217A2B8500D26F5C /* Base */,
			);
			name = Main.storyboard;
			sourceTree = "<group>";
		};
		DEB3BA0D217A2B8600D26F5C /* LaunchScreen.storyboard */ = {
			isa = PBXVariantGroup;
			children = (
				DEB3BA0E217A2B8600D26F5C /* Base */,
			);
			name = LaunchScreen.storyboard;
			sourceTree = "<group>";
		};
/* End PBXVariantGroup section */

/* Begin XCBuildConfiguration section */
		DEB3BA27217A2B8700D26F5C /* Debug */ = {
			isa = XCBuildConfiguration;
			buildSettings = {
				ALWAYS_SEARCH_USER_PATHS = NO;
				CLANG_ANALYZER_NONNULL = YES;
				CLANG_ANALYZER_NUMBER_OBJECT_CONVERSION = YES_AGGRESSIVE;
				CLANG_CXX_LANGUAGE_STANDARD = "gnu++14";
				CLANG_CXX_LIBRARY = "libc++";
				CLANG_ENABLE_MODULES = YES;
				CLANG_ENABLE_OBJC_ARC = YES;
				CLANG_ENABLE_OBJC_WEAK = YES;
				CLANG_WARN_BLOCK_CAPTURE_AUTORELEASING = YES;
				CLANG_WARN_BOOL_CONVERSION = YES;
				CLANG_WARN_COMMA = YES;
				CLANG_WARN_CONSTANT_CONVERSION = YES;
				CLANG_WARN_DEPRECATED_OBJC_IMPLEMENTATIONS = YES;
				CLANG_WARN_DIRECT_OBJC_ISA_USAGE = YES_ERROR;
				CLANG_WARN_DOCUMENTATION_COMMENTS = YES;
				CLANG_WARN_EMPTY_BODY = YES;
				CLANG_WARN_ENUM_CONVERSION = YES;
				CLANG_WARN_INFINITE_RECURSION = YES;
				CLANG_WARN_INT_CONVERSION = YES;
				CLANG_WARN_NON_LITERAL_NULL_CONVERSION = YES;
				CLANG_WARN_OBJC_IMPLICIT_RETAIN_SELF = YES;
				CLANG_WARN_OBJC_LITERAL_CONVERSION = YES;
				CLANG_WARN_OBJC_ROOT_CLASS = YES_ERROR;
				CLANG_WARN_RANGE_LOOP_ANALYSIS = YES;
				CLANG_WARN_STRICT_PROTOTYPES = YES;
				CLANG_WARN_SUSPICIOUS_MOVE = YES;
				CLANG_WARN_UNGUARDED_AVAILABILITY = YES_AGGRESSIVE;
				CLANG_WARN_UNREACHABLE_CODE = YES;
				CLANG_WARN__DUPLICATE_METHOD_MATCH = YES;
				CODE_SIGN_IDENTITY = "iPhone Developer";
				COPY_PHASE_STRIP = NO;
				DEBUG_INFORMATION_FORMAT = dwarf;
				ENABLE_STRICT_OBJC_MSGSEND = YES;
				ENABLE_TESTABILITY = YES;
				GCC_C_LANGUAGE_STANDARD = gnu11;
				GCC_DYNAMIC_NO_PIC = NO;
				GCC_NO_COMMON_BLOCKS = YES;
				GCC_OPTIMIZATION_LEVEL = 0;
				GCC_PREPROCESSOR_DEFINITIONS = (
					"DEBUG=1",
					"$(inherited)",
				);
				GCC_WARN_64_TO_32_BIT_CONVERSION = YES;
				GCC_WARN_ABOUT_RETURN_TYPE = YES_ERROR;
				GCC_WARN_UNDECLARED_SELECTOR = YES;
				GCC_WARN_UNINITIALIZED_AUTOS = YES_AGGRESSIVE;
				GCC_WARN_UNUSED_FUNCTION = YES;
				GCC_WARN_UNUSED_VARIABLE = YES;
				IPHONEOS_DEPLOYMENT_TARGET = 12.0;
				MTL_ENABLE_DEBUG_INFO = INCLUDE_SOURCE;
				MTL_FAST_MATH = YES;
				ONLY_ACTIVE_ARCH = YES;
				SDKROOT = iphoneos;
				SWIFT_ACTIVE_COMPILATION_CONDITIONS = DEBUG;
				SWIFT_OPTIMIZATION_LEVEL = "-Onone";
			};
			name = Debug;
		};
		DEB3BA28217A2B8700D26F5C /* Release */ = {
			isa = XCBuildConfiguration;
			buildSettings = {
				ALWAYS_SEARCH_USER_PATHS = NO;
				CLANG_ANALYZER_NONNULL = YES;
				CLANG_ANALYZER_NUMBER_OBJECT_CONVERSION = YES_AGGRESSIVE;
				CLANG_CXX_LANGUAGE_STANDARD = "gnu++14";
				CLANG_CXX_LIBRARY = "libc++";
				CLANG_ENABLE_MODULES = YES;
				CLANG_ENABLE_OBJC_ARC = YES;
				CLANG_ENABLE_OBJC_WEAK = YES;
				CLANG_WARN_BLOCK_CAPTURE_AUTORELEASING = YES;
				CLANG_WARN_BOOL_CONVERSION = YES;
				CLANG_WARN_COMMA = YES;
				CLANG_WARN_CONSTANT_CONVERSION = YES;
				CLANG_WARN_DEPRECATED_OBJC_IMPLEMENTATIONS = YES;
				CLANG_WARN_DIRECT_OBJC_ISA_USAGE = YES_ERROR;
				CLANG_WARN_DOCUMENTATION_COMMENTS = YES;
				CLANG_WARN_EMPTY_BODY = YES;
				CLANG_WARN_ENUM_CONVERSION = YES;
				CLANG_WARN_INFINITE_RECURSION = YES;
				CLANG_WARN_INT_CONVERSION = YES;
				CLANG_WARN_NON_LITERAL_NULL_CONVERSION = YES;
				CLANG_WARN_OBJC_IMPLICIT_RETAIN_SELF = YES;
				CLANG_WARN_OBJC_LITERAL_CONVERSION = YES;
				CLANG_WARN_OBJC_ROOT_CLASS = YES_ERROR;
				CLANG_WARN_RANGE_LOOP_ANALYSIS = YES;
				CLANG_WARN_STRICT_PROTOTYPES = YES;
				CLANG_WARN_SUSPICIOUS_MOVE = YES;
				CLANG_WARN_UNGUARDED_AVAILABILITY = YES_AGGRESSIVE;
				CLANG_WARN_UNREACHABLE_CODE = YES;
				CLANG_WARN__DUPLICATE_METHOD_MATCH = YES;
				CODE_SIGN_IDENTITY = "iPhone Developer";
				COPY_PHASE_STRIP = NO;
				DEBUG_INFORMATION_FORMAT = "dwarf-with-dsym";
				ENABLE_NS_ASSERTIONS = NO;
				ENABLE_STRICT_OBJC_MSGSEND = YES;
				GCC_C_LANGUAGE_STANDARD = gnu11;
				GCC_NO_COMMON_BLOCKS = YES;
				GCC_WARN_64_TO_32_BIT_CONVERSION = YES;
				GCC_WARN_ABOUT_RETURN_TYPE = YES_ERROR;
				GCC_WARN_UNDECLARED_SELECTOR = YES;
				GCC_WARN_UNINITIALIZED_AUTOS = YES_AGGRESSIVE;
				GCC_WARN_UNUSED_FUNCTION = YES;
				GCC_WARN_UNUSED_VARIABLE = YES;
				IPHONEOS_DEPLOYMENT_TARGET = 12.0;
				MTL_ENABLE_DEBUG_INFO = NO;
				MTL_FAST_MATH = YES;
				SDKROOT = iphoneos;
				SWIFT_COMPILATION_MODE = wholemodule;
				SWIFT_OPTIMIZATION_LEVEL = "-O";
				VALIDATE_PRODUCT = YES;
			};
			name = Release;
		};
		DEB3BA2A217A2B8700D26F5C /* Debug */ = {
			isa = XCBuildConfiguration;
			buildSettings = {
				ASSETCATALOG_COMPILER_APPICON_NAME = AppIcon;
				CODE_SIGN_STYLE = Automatic;
				DEVELOPMENT_TEAM = 4P8QBW9N46;
				INFOPLIST_FILE = TestApp/Info.plist;
				LD_RUNPATH_SEARCH_PATHS = (
					"$(inherited)",
					"@executable_path/Frameworks",
				);
				PRODUCT_BUNDLE_IDENTIFIER = com.adelwin.test.TestApp;
				PRODUCT_NAME = "$(TARGET_NAME)";
				SWIFT_VERSION = 4.2;
				TARGETED_DEVICE_FAMILY = "1,2";
			};
			name = Debug;
		};
		DEB3BA2B217A2B8700D26F5C /* Release */ = {
			isa = XCBuildConfiguration;
			buildSettings = {
				ASSETCATALOG_COMPILER_APPICON_NAME = AppIcon;
				CODE_SIGN_STYLE = Automatic;
				DEVELOPMENT_TEAM = 4P8QBW9N46;
				INFOPLIST_FILE = TestApp/Info.plist;
				LD_RUNPATH_SEARCH_PATHS = (
					"$(inherited)",
					"@executable_path/Frameworks",
				);
				PRODUCT_BUNDLE_IDENTIFIER = com.adelwin.test.TestApp;
				PRODUCT_NAME = "$(TARGET_NAME)";
				SWIFT_VERSION = 4.2;
				TARGETED_DEVICE_FAMILY = "1,2";
			};
			name = Release;
		};
		DEB3BA2D217A2B8700D26F5C /* Debug */ = {
			isa = XCBuildConfiguration;
			buildSettings = {
				ALWAYS_EMBED_SWIFT_STANDARD_LIBRARIES = YES;
				BUNDLE_LOADER = "$(TEST_HOST)";
				CODE_SIGN_STYLE = Automatic;
				DEVELOPMENT_TEAM = 4P8QBW9N46;
				INFOPLIST_FILE = TestAppTests/Info.plist;
				LD_RUNPATH_SEARCH_PATHS = (
					"$(inherited)",
					"@executable_path/Frameworks",
					"@loader_path/Frameworks",
				);
				PRODUCT_BUNDLE_IDENTIFIER = com.adelwin.test.TestAppTests;
				PRODUCT_NAME = "$(TARGET_NAME)";
				SWIFT_VERSION = 4.2;
				TARGETED_DEVICE_FAMILY = "1,2";
				TEST_HOST = "$(BUILT_PRODUCTS_DIR)/TestApp.app/TestApp";
			};
			name = Debug;
		};
		DEB3BA2E217A2B8700D26F5C /* Release */ = {
			isa = XCBuildConfiguration;
			buildSettings = {
				ALWAYS_EMBED_SWIFT_STANDARD_LIBRARIES = YES;
				BUNDLE_LOADER = "$(TEST_HOST)";
				CODE_SIGN_STYLE = Automatic;
				DEVELOPMENT_TEAM = 4P8QBW9N46;
				INFOPLIST_FILE = TestAppTests/Info.plist;
				LD_RUNPATH_SEARCH_PATHS = (
					"$(inherited)",
					"@executable_path/Frameworks",
					"@loader_path/Frameworks",
				);
				PRODUCT_BUNDLE_IDENTIFIER = com.adelwin.test.TestAppTests;
				PRODUCT_NAME = "$(TARGET_NAME)";
				SWIFT_VERSION = 4.2;
				TARGETED_DEVICE_FAMILY = "1,2";
				TEST_HOST = "$(BUILT_PRODUCTS_DIR)/TestApp.app/TestApp";
			};
			name = Release;
		};
		DEB3BA30217A2B8700D26F5C /* Debug */ = {
			isa = XCBuildConfiguration;
			buildSettings = {
				ALWAYS_EMBED_SWIFT_STANDARD_LIBRARIES = YES;
				CODE_SIGN_STYLE = Automatic;
				DEVELOPMENT_TEAM = 4P8QBW9N46;
				INFOPLIST_FILE = TestAppUITests/Info.plist;
				LD_RUNPATH_SEARCH_PATHS = (
					"$(inherited)",
					"@executable_path/Frameworks",
					"@loader_path/Frameworks",
				);
				PRODUCT_BUNDLE_IDENTIFIER = com.adelwin.test.TestAppUITests;
				PRODUCT_NAME = "$(TARGET_NAME)";
				SWIFT_VERSION = 4.2;
				TARGETED_DEVICE_FAMILY = "1,2";
				TEST_TARGET_NAME = TestApp;
			};
			name = Debug;
		};
		DEB3BA31217A2B8700D26F5C /* Release */ = {
			isa = XCBuildConfiguration;
			buildSettings = {
				ALWAYS_EMBED_SWIFT_STANDARD_LIBRARIES = YES;
				CODE_SIGN_STYLE = Automatic;
				DEVELOPMENT_TEAM = 4P8QBW9N46;
				INFOPLIST_FILE = TestAppUITests/Info.plist;
				LD_RUNPATH_SEARCH_PATHS = (
					"$(inherited)",
					"@executable_path/Frameworks",
					"@loader_path/Frameworks",
				);
				PRODUCT_BUNDLE_IDENTIFIER = com.adelwin.test.TestAppUITests;
				PRODUCT_NAME = "$(TARGET_NAME)";
				SWIFT_VERSION = 4.2;
				TARGETED_DEVICE_FAMILY = "1,2";
				TEST_TARGET_NAME = TestApp;
			};
			name = Release;
		};
/* End XCBuildConfiguration section */

/* Begin XCConfigurationList section */
		DEB3B9FC217A2B8500D26F5C /* Build configuration list for PBXProject "TestApp" */ = {
			isa = XCConfigurationList;
			buildConfigurations = (
				DEB3BA27217A2B8700D26F5C /* Debug */,
				DEB3BA28217A2B8700D26F5C /* Release */,
			);
			defaultConfigurationIsVisible = 0;
			defaultConfigurationName = Release;
		};
		DEB3BA29217A2B8700D26F5C /* Build configuration list for PBXNativeTarget "TestApp" */ = {
			isa = XCConfigurationList;
			buildConfigurations = (
				DEB3BA2A217A2B8700D26F5C /* Debug */,
				DEB3BA2B217A2B8700D26F5C /* Release */,
			);
			defaultConfigurationIsVisible = 0;
			defaultConfigurationName = Release;
		};
		DEB3BA2C217A2B8700D26F5C /* Build configuration list for PBXNativeTarget "TestAppTests" */ = {
			isa = XCConfigurationList;
			buildConfigurations = (
				DEB3BA2D217A2B8700D26F5C /* Debug */,
				DEB3BA2E217A2B8700D26F5C /* Release */,
			);
			defaultConfigurationIsVisible = 0;
			defaultConfigurationName = Release;
		};
		DEB3BA2F217A2B8700D26F5C /* Build configuration list for PBXNativeTarget "TestAppUITests" */ = {
			isa = XCConfigurationList;
			buildConfigurations = (
				DEB3BA30217A2B8700D26F5C /* Debug */,
				DEB3BA31217A2B8700D26F5C /* Release */,
			);
			defaultConfigurationIsVisible = 0;
			defaultConfigurationName = Release;
		};
/* End XCConfigurationList section */
	};
	rootObject = DEB3B9F9217A2B8500D26F5C /* Project object */;
}
